
Microsoft Visual Studio Solution File, Format Version 12.00
# Visual Studio 14
VisualStudioVersion = 14.0.25420.1
MinimumVisualStudioVersion = 10.0.40219.1
Project("{FAE04EC0-301F-11D3-BF4B-00C04F79EFBC}") = "Angalia.Core", "Angalia.Core\Angalia.Core.csproj", "{76ECAE09-EE30-4087-A5DD-7CD4AEBD6EF3}"
EndProject
Project("{FAE04EC0-301F-11D3-BF4B-00C04F79EFBC}") = "Angalia.iOS", "Angalia.iOS\Angalia.iOS.csproj", "{28E33163-88BE-44A1-888C-E8B5A76EAE0A}"
EndProject
Project("{FAE04EC0-301F-11D3-BF4B-00C04F79EFBC}") = "Angalia.Android.Material", "Angalia.Android.Material\Angalia.Android.Material.csproj", "{BDAA0F39-DEFD-42EE-A5F3-A8D576BB4645}"
EndProject
Global
	GlobalSection(SolutionConfigurationPlatforms) = preSolution
		Ad-Hoc|Any CPU = Ad-Hoc|Any CPU
		Ad-Hoc|iPhone = Ad-Hoc|iPhone
		Ad-Hoc|iPhoneSimulator = Ad-Hoc|iPhoneSimulator
		Ad-Hoc|Mixed Platforms = Ad-Hoc|Mixed Platforms
		AppStore|Any CPU = AppStore|Any CPU
		AppStore|iPhone = AppStore|iPhone
		AppStore|iPhoneSimulator = AppStore|iPhoneSimulator
		AppStore|Mixed Platforms = AppStore|Mixed Platforms
		Debug|Any CPU = Debug|Any CPU
		Debug|iPhone = Debug|iPhone
		Debug|iPhoneSimulator = Debug|iPhoneSimulator
		Debug|Mixed Platforms = Debug|Mixed Platforms
		DebugInternal|Any CPU = DebugInternal|Any CPU
		DebugInternal|iPhone = DebugInternal|iPhone
		DebugInternal|iPhoneSimulator = DebugInternal|iPhoneSimulator
		DebugInternal|Mixed Platforms = DebugInternal|Mixed Platforms
		Release|Any CPU = Release|Any CPU
		Release|iPhone = Release|iPhone
		Release|iPhoneSimulator = Release|iPhoneSimulator
		Release|Mixed Platforms = Release|Mixed Platforms
	EndGlobalSection
	GlobalSection(ProjectConfigurationPlatforms) = postSolution
		{76ECAE09-EE30-4087-A5DD-7CD4AEBD6EF3}.Ad-Hoc|Any CPU.ActiveCfg = Release|Any CPU
		{76ECAE09-EE30-4087-A5DD-7CD4AEBD6EF3}.Ad-Hoc|Any CPU.Build.0 = Release|Any CPU
		{76ECAE09-EE30-4087-A5DD-7CD4AEBD6EF3}.Ad-Hoc|iPhone.ActiveCfg = Release|Any CPU
		{76ECAE09-EE30-4087-A5DD-7CD4AEBD6EF3}.Ad-Hoc|iPhoneSimulator.ActiveCfg = Release|Any CPU
		{76ECAE09-EE30-4087-A5DD-7CD4AEBD6EF3}.Ad-Hoc|Mixed Platforms.ActiveCfg = Release|Any CPU
		{76ECAE09-EE30-4087-A5DD-7CD4AEBD6EF3}.Ad-Hoc|Mixed Platforms.Build.0 = Release|Any CPU
		{76ECAE09-EE30-4087-A5DD-7CD4AEBD6EF3}.AppStore|Any CPU.ActiveCfg = Release|Any CPU
		{76ECAE09-EE30-4087-A5DD-7CD4AEBD6EF3}.AppStore|Any CPU.Build.0 = Release|Any CPU
		{76ECAE09-EE30-4087-A5DD-7CD4AEBD6EF3}.AppStore|iPhone.ActiveCfg = Release|Any CPU
		{76ECAE09-EE30-4087-A5DD-7CD4AEBD6EF3}.AppStore|iPhoneSimulator.ActiveCfg = Release|Any CPU
		{76ECAE09-EE30-4087-A5DD-7CD4AEBD6EF3}.AppStore|Mixed Platforms.ActiveCfg = Release|Any CPU
		{76ECAE09-EE30-4087-A5DD-7CD4AEBD6EF3}.AppStore|Mixed Platforms.Build.0 = Release|Any CPU
		{76ECAE09-EE30-4087-A5DD-7CD4AEBD6EF3}.Debug|Any CPU.ActiveCfg = Debug|Any CPU
		{76ECAE09-EE30-4087-A5DD-7CD4AEBD6EF3}.Debug|Any CPU.Build.0 = Debug|Any CPU
		{76ECAE09-EE30-4087-A5DD-7CD4AEBD6EF3}.Debug|iPhone.ActiveCfg = Debug|Any CPU
		{76ECAE09-EE30-4087-A5DD-7CD4AEBD6EF3}.Debug|iPhone.Build.0 = Debug|Any CPU
		{76ECAE09-EE30-4087-A5DD-7CD4AEBD6EF3}.Debug|iPhoneSimulator.ActiveCfg = Debug|Any CPU
		{76ECAE09-EE30-4087-A5DD-7CD4AEBD6EF3}.Debug|iPhoneSimulator.Build.0 = Debug|Any CPU
		{76ECAE09-EE30-4087-A5DD-7CD4AEBD6EF3}.Debug|Mixed Platforms.ActiveCfg = Debug|Any CPU
		{76ECAE09-EE30-4087-A5DD-7CD4AEBD6EF3}.Debug|Mixed Platforms.Build.0 = Debug|Any CPU
		{76ECAE09-EE30-4087-A5DD-7CD4AEBD6EF3}.DebugInternal|Any CPU.ActiveCfg = Debug|Any CPU
		{76ECAE09-EE30-4087-A5DD-7CD4AEBD6EF3}.DebugInternal|Any CPU.Build.0 = Debug|Any CPU
		{76ECAE09-EE30-4087-A5DD-7CD4AEBD6EF3}.DebugInternal|iPhone.ActiveCfg = Debug|Any CPU
		{76ECAE09-EE30-4087-A5DD-7CD4AEBD6EF3}.DebugInternal|iPhoneSimulator.ActiveCfg = Debug|Any CPU
		{76ECAE09-EE30-4087-A5DD-7CD4AEBD6EF3}.DebugInternal|Mixed Platforms.ActiveCfg = Debug|Any CPU
		{76ECAE09-EE30-4087-A5DD-7CD4AEBD6EF3}.DebugInternal|Mixed Platforms.Build.0 = Debug|Any CPU
		{76ECAE09-EE30-4087-A5DD-7CD4AEBD6EF3}.Release|Any CPU.ActiveCfg = Release|Any CPU
		{76ECAE09-EE30-4087-A5DD-7CD4AEBD6EF3}.Release|Any CPU.Build.0 = Release|Any CPU
		{76ECAE09-EE30-4087-A5DD-7CD4AEBD6EF3}.Release|iPhone.ActiveCfg = Release|Any CPU
		{76ECAE09-EE30-4087-A5DD-7CD4AEBD6EF3}.Release|iPhoneSimulator.ActiveCfg = Release|Any CPU
		{76ECAE09-EE30-4087-A5DD-7CD4AEBD6EF3}.Release|Mixed Platforms.ActiveCfg = Release|Any CPU
		{76ECAE09-EE30-4087-A5DD-7CD4AEBD6EF3}.Release|Mixed Platforms.Build.0 = Release|Any CPU
		{28E33163-88BE-44A1-888C-E8B5A76EAE0A}.Ad-Hoc|Any CPU.ActiveCfg = Ad-Hoc|iPhone
		{28E33163-88BE-44A1-888C-E8B5A76EAE0A}.Ad-Hoc|iPhone.ActiveCfg = Ad-Hoc|iPhone
		{28E33163-88BE-44A1-888C-E8B5A76EAE0A}.Ad-Hoc|iPhone.Build.0 = Ad-Hoc|iPhone
		{28E33163-88BE-44A1-888C-E8B5A76EAE0A}.Ad-Hoc|iPhone.Deploy.0 = Ad-Hoc|iPhone
		{28E33163-88BE-44A1-888C-E8B5A76EAE0A}.Ad-Hoc|iPhoneSimulator.ActiveCfg = Ad-Hoc|iPhoneSimulator
		{28E33163-88BE-44A1-888C-E8B5A76EAE0A}.Ad-Hoc|iPhoneSimulator.Build.0 = Ad-Hoc|iPhoneSimulator
		{28E33163-88BE-44A1-888C-E8B5A76EAE0A}.Ad-Hoc|iPhoneSimulator.Deploy.0 = Ad-Hoc|iPhoneSimulator
		{28E33163-88BE-44A1-888C-E8B5A76EAE0A}.Ad-Hoc|Mixed Platforms.ActiveCfg = Ad-Hoc|iPhone
		{28E33163-88BE-44A1-888C-E8B5A76EAE0A}.Ad-Hoc|Mixed Platforms.Build.0 = Ad-Hoc|iPhone
		{28E33163-88BE-44A1-888C-E8B5A76EAE0A}.Ad-Hoc|Mixed Platforms.Deploy.0 = Ad-Hoc|iPhone
		{28E33163-88BE-44A1-888C-E8B5A76EAE0A}.AppStore|Any CPU.ActiveCfg = AppStore|iPhone
		{28E33163-88BE-44A1-888C-E8B5A76EAE0A}.AppStore|iPhone.ActiveCfg = AppStore|iPhone
		{28E33163-88BE-44A1-888C-E8B5A76EAE0A}.AppStore|iPhone.Build.0 = AppStore|iPhone
		{28E33163-88BE-44A1-888C-E8B5A76EAE0A}.AppStore|iPhone.Deploy.0 = AppStore|iPhone
		{28E33163-88BE-44A1-888C-E8B5A76EAE0A}.AppStore|iPhoneSimulator.ActiveCfg = AppStore|iPhoneSimulator
		{28E33163-88BE-44A1-888C-E8B5A76EAE0A}.AppStore|iPhoneSimulator.Build.0 = AppStore|iPhoneSimulator
		{28E33163-88BE-44A1-888C-E8B5A76EAE0A}.AppStore|iPhoneSimulator.Deploy.0 = AppStore|iPhoneSimulator
		{28E33163-88BE-44A1-888C-E8B5A76EAE0A}.AppStore|Mixed Platforms.ActiveCfg = AppStore|iPhone
		{28E33163-88BE-44A1-888C-E8B5A76EAE0A}.AppStore|Mixed Platforms.Build.0 = AppStore|iPhone
		{28E33163-88BE-44A1-888C-E8B5A76EAE0A}.AppStore|Mixed Platforms.Deploy.0 = AppStore|iPhone
		{28E33163-88BE-44A1-888C-E8B5A76EAE0A}.Debug|Any CPU.ActiveCfg = Debug|iPhoneSimulator
		{28E33163-88BE-44A1-888C-E8B5A76EAE0A}.Debug|Any CPU.Build.0 = Debug|iPhoneSimulator
		{28E33163-88BE-44A1-888C-E8B5A76EAE0A}.Debug|iPhone.ActiveCfg = Debug|iPhone
		{28E33163-88BE-44A1-888C-E8B5A76EAE0A}.Debug|iPhone.Build.0 = Debug|iPhone
		{28E33163-88BE-44A1-888C-E8B5A76EAE0A}.Debug|iPhone.Deploy.0 = Debug|iPhone
		{28E33163-88BE-44A1-888C-E8B5A76EAE0A}.Debug|iPhoneSimulator.ActiveCfg = Debug|iPhoneSimulator
		{28E33163-88BE-44A1-888C-E8B5A76EAE0A}.Debug|iPhoneSimulator.Build.0 = Debug|iPhoneSimulator
		{28E33163-88BE-44A1-888C-E8B5A76EAE0A}.Debug|iPhoneSimulator.Deploy.0 = Debug|iPhoneSimulator
		{28E33163-88BE-44A1-888C-E8B5A76EAE0A}.Debug|Mixed Platforms.ActiveCfg = Debug|iPhone
		{28E33163-88BE-44A1-888C-E8B5A76EAE0A}.Debug|Mixed Platforms.Build.0 = Debug|iPhone
		{28E33163-88BE-44A1-888C-E8B5A76EAE0A}.Debug|Mixed Platforms.Deploy.0 = Debug|iPhone
		{28E33163-88BE-44A1-888C-E8B5A76EAE0A}.DebugInternal|Any CPU.ActiveCfg = Debug|iPhone
		{28E33163-88BE-44A1-888C-E8B5A76EAE0A}.DebugInternal|iPhone.ActiveCfg = Debug|iPhone
		{28E33163-88BE-44A1-888C-E8B5A76EAE0A}.DebugInternal|iPhone.Build.0 = Debug|iPhone
		{28E33163-88BE-44A1-888C-E8B5A76EAE0A}.DebugInternal|iPhone.Deploy.0 = Debug|iPhone
		{28E33163-88BE-44A1-888C-E8B5A76EAE0A}.DebugInternal|iPhoneSimulator.ActiveCfg = Debug|iPhoneSimulator
		{28E33163-88BE-44A1-888C-E8B5A76EAE0A}.DebugInternal|iPhoneSimulator.Build.0 = Debug|iPhoneSimulator
		{28E33163-88BE-44A1-888C-E8B5A76EAE0A}.DebugInternal|iPhoneSimulator.Deploy.0 = Debug|iPhoneSimulator
		{28E33163-88BE-44A1-888C-E8B5A76EAE0A}.DebugInternal|Mixed Platforms.ActiveCfg = Debug|iPhone
		{28E33163-88BE-44A1-888C-E8B5A76EAE0A}.DebugInternal|Mixed Platforms.Build.0 = Debug|iPhone
		{28E33163-88BE-44A1-888C-E8B5A76EAE0A}.DebugInternal|Mixed Platforms.Deploy.0 = Debug|iPhone
		{28E33163-88BE-44A1-888C-E8B5A76EAE0A}.Release|Any CPU.ActiveCfg = Release|iPhone
		{28E33163-88BE-44A1-888C-E8B5A76EAE0A}.Release|iPhone.ActiveCfg = Release|iPhone
		{28E33163-88BE-44A1-888C-E8B5A76EAE0A}.Release|iPhone.Build.0 = Release|iPhone
		{28E33163-88BE-44A1-888C-E8B5A76EAE0A}.Release|iPhone.Deploy.0 = Release|iPhone
		{28E33163-88BE-44A1-888C-E8B5A76EAE0A}.Release|iPhoneSimulator.ActiveCfg = Release|iPhoneSimulator
		{28E33163-88BE-44A1-888C-E8B5A76EAE0A}.Release|iPhoneSimulator.Build.0 = Release|iPhoneSimulator
		{28E33163-88BE-44A1-888C-E8B5A76EAE0A}.Release|iPhoneSimulator.Deploy.0 = Release|iPhoneSimulator
		{28E33163-88BE-44A1-888C-E8B5A76EAE0A}.Release|Mixed Platforms.ActiveCfg = Release|iPhone
		{28E33163-88BE-44A1-888C-E8B5A76EAE0A}.Release|Mixed Platforms.Build.0 = Release|iPhone
		{28E33163-88BE-44A1-888C-E8B5A76EAE0A}.Release|Mixed Platforms.Deploy.0 = Release|iPhone
		{BDAA0F39-DEFD-42EE-A5F3-A8D576BB4645}.Ad-Hoc|Any CPU.ActiveCfg = Release|Any CPU
		{BDAA0F39-DEFD-42EE-A5F3-A8D576BB4645}.Ad-Hoc|Any CPU.Build.0 = Release|Any CPU
		{BDAA0F39-DEFD-42EE-A5F3-A8D576BB4645}.Ad-Hoc|Any CPU.Deploy.0 = Release|Any CPU
		{BDAA0F39-DEFD-42EE-A5F3-A8D576BB4645}.Ad-Hoc|iPhone.ActiveCfg = Release|Any CPU
		{BDAA0F39-DEFD-42EE-A5F3-A8D576BB4645}.Ad-Hoc|iPhoneSimulator.ActiveCfg = Release|Any CPU
		{BDAA0F39-DEFD-42EE-A5F3-A8D576BB4645}.Ad-Hoc|Mixed Platforms.ActiveCfg = Release|Any CPU
		{BDAA0F39-DEFD-42EE-A5F3-A8D576BB4645}.Ad-Hoc|Mixed Platforms.Build.0 = Release|Any CPU
		{BDAA0F39-DEFD-42EE-A5F3-A8D576BB4645}.Ad-Hoc|Mixed Platforms.Deploy.0 = Release|Any CPU
		{BDAA0F39-DEFD-42EE-A5F3-A8D576BB4645}.AppStore|Any CPU.ActiveCfg = Release|Any CPU
		{BDAA0F39-DEFD-42EE-A5F3-A8D576BB4645}.AppStore|Any CPU.Build.0 = Release|Any CPU
		{BDAA0F39-DEFD-42EE-A5F3-A8D576BB4645}.AppStore|Any CPU.Deploy.0 = Release|Any CPU
		{BDAA0F39-DEFD-42EE-A5F3-A8D576BB4645}.AppStore|iPhone.ActiveCfg = Release|Any CPU
		{BDAA0F39-DEFD-42EE-A5F3-A8D576BB4645}.AppStore|iPhoneSimulator.ActiveCfg = Release|Any CPU
		{BDAA0F39-DEFD-42EE-A5F3-A8D576BB4645}.AppStore|Mixed Platforms.ActiveCfg = Release|Any CPU
		{BDAA0F39-DEFD-42EE-A5F3-A8D576BB4645}.AppStore|Mixed Platforms.Build.0 = Release|Any CPU
		{BDAA0F39-DEFD-42EE-A5F3-A8D576BB4645}.AppStore|Mixed Platforms.Deploy.0 = Release|Any CPU
		{BDAA0F39-DEFD-42EE-A5F3-A8D576BB4645}.Debug|Any CPU.ActiveCfg = Debug|Any CPU
		{BDAA0F39-DEFD-42EE-A5F3-A8D576BB4645}.Debug|Any CPU.Build.0 = Debug|Any CPU
		{BDAA0F39-DEFD-42EE-A5F3-A8D576BB4645}.Debug|Any CPU.Deploy.0 = Debug|Any CPU
		{BDAA0F39-DEFD-42EE-A5F3-A8D576BB4645}.Debug|iPhone.ActiveCfg = Debug|Any CPU
		{BDAA0F39-DEFD-42EE-A5F3-A8D576BB4645}.Debug|iPhoneSimulator.ActiveCfg = Debug|Any CPU
		{BDAA0F39-DEFD-42EE-A5F3-A8D576BB4645}.Debug|Mixed Platforms.ActiveCfg = Debug|Any CPU
		{BDAA0F39-DEFD-42EE-A5F3-A8D576BB4645}.Debug|Mixed Platforms.Build.0 = Debug|Any CPU
		{BDAA0F39-DEFD-42EE-A5F3-A8D576BB4645}.Debug|Mixed Platforms.Deploy.0 = Debug|Any CPU
		{BDAA0F39-DEFD-42EE-A5F3-A8D576BB4645}.DebugInternal|Any CPU.ActiveCfg = Debug|Any CPU
		{BDAA0F39-DEFD-42EE-A5F3-A8D576BB4645}.DebugInternal|Any CPU.Build.0 = Debug|Any CPU
		{BDAA0F39-DEFD-42EE-A5F3-A8D576BB4645}.DebugInternal|Any CPU.Deploy.0 = Debug|Any CPU
		{BDAA0F39-DEFD-42EE-A5F3-A8D576BB4645}.DebugInternal|iPhone.ActiveCfg = Debug|Any CPU
		{BDAA0F39-DEFD-42EE-A5F3-A8D576BB4645}.DebugInternal|iPhoneSimulator.ActiveCfg = Debug|Any CPU
		{BDAA0F39-DEFD-42EE-A5F3-A8D576BB4645}.DebugInternal|Mixed Platforms.ActiveCfg = Debug|Any CPU
		{BDAA0F39-DEFD-42EE-A5F3-A8D576BB4645}.DebugInternal|Mixed Platforms.Build.0 = Debug|Any CPU
		{BDAA0F39-DEFD-42EE-A5F3-A8D576BB4645}.DebugInternal|Mixed Platforms.Deploy.0 = Debug|Any CPU
		{BDAA0F39-DEFD-42EE-A5F3-A8D576BB4645}.Release|Any CPU.ActiveCfg = Release|Any CPU
		{BDAA0F39-DEFD-42EE-A5F3-A8D576BB4645}.Release|Any CPU.Build.0 = Release|Any CPU
		{BDAA0F39-DEFD-42EE-A5F3-A8D576BB4645}.Release|Any CPU.Deploy.0 = Release|Any CPU
		{BDAA0F39-DEFD-42EE-A5F3-A8D576BB4645}.Release|iPhone.ActiveCfg = Release|Any CPU
		{BDAA0F39-DEFD-42EE-A5F3-A8D576BB4645}.Release|iPhoneSimulator.ActiveCfg = Release|Any CPU
		{BDAA0F39-DEFD-42EE-A5F3-A8D576BB4645}.Release|Mixed Platforms.ActiveCfg = Release|Any CPU
		{BDAA0F39-DEFD-42EE-A5F3-A8D576BB4645}.Release|Mixed Platforms.Build.0 = Release|Any CPU
		{BDAA0F39-DEFD-42EE-A5F3-A8D576BB4645}.Release|Mixed Platforms.Deploy.0 = Release|Any CPU
	EndGlobalSection
	GlobalSection(SolutionProperties) = preSolution
		HideSolutionNode = FALSE
	EndGlobalSection
	GlobalSection(MonoDevelopProperties) = preSolution
		StartupItem = MapSamples.iOS\MapSamples.iOS.csproj
	EndGlobalSection
EndGlobal
